
Microsoft Visual Studio Solution File, Format Version 12.00
# Visual Studio Version 17
VisualStudioVersion = 17.4.33122.133
MinimumVisualStudioVersion = 10.0.40219.1
Project("{FAE04EC0-301F-11D3-BF4B-00C04F79EFBC}") = "DbRelationshipsForDevelopersProjectsPOC", "DbRelationshipsForDevelopersProjectsPOC\DbRelationshipsForDevelopersProjectsPOC.csproj", "{39F9101B-2ACE-4812-ACCE-9E593B3DC5D5}"
EndProject
Global
	GlobalSection(SolutionConfigurationPlatforms) = preSolution
		Debug|Any CPU = Debug|Any CPU
		Release|Any CPU = Release|Any CPU
	EndGlobalSection
	GlobalSection(ProjectConfigurationPlatforms) = postSolution
		{39F9101B-2ACE-4812-ACCE-9E593B3DC5D5}.Debug|Any CPU.ActiveCfg = Debug|Any CPU
		{39F9101B-2ACE-4812-ACCE-9E593B3DC5D5}.Debug|Any CPU.Build.0 = Debug|Any CPU
		{39F9101B-2ACE-4812-ACCE-9E593B3DC5D5}.Release|Any CPU.ActiveCfg = Release|Any CPU
		{39F9101B-2ACE-4812-ACCE-9E593B3DC5D5}.Release|Any CPU.Build.0 = Release|Any CPU
	EndGlobalSection
	GlobalSection(SolutionProperties) = preSolution
		HideSolutionNode = FALSE
	EndGlobalSection
	GlobalSection(ExtensibilityGlobals) = postSolution
		SolutionGuid = {6593D0F4-ACC9-4D20-9D60-5D4A440CF7A3}
	EndGlobalSection
EndGlobal
